
Microsoft Visual Studio Solution File, Format Version 12.00
# Visual Studio Version 16
VisualStudioVersion = 16.0.32510.428
MinimumVisualStudioVersion = 10.0.40219.1
Project("{FAE04EC0-301F-11D3-BF4B-00C04F79EFBC}") = "Msit143site", "Msit143site\Msit143site.csproj", "{372F8200-118F-402B-88BE-CFF251E3A36D}"
EndProject
Global
	GlobalSection(SolutionConfigurationPlatforms) = preSolution
		Debug|Any CPU = Debug|Any CPU
		Release|Any CPU = Release|Any CPU
	EndGlobalSection
	GlobalSection(ProjectConfigurationPlatforms) = postSolution
		{372F8200-118F-402B-88BE-CFF251E3A36D}.Debug|Any CPU.ActiveCfg = Debug|Any CPU
		{372F8200-118F-402B-88BE-CFF251E3A36D}.Debug|Any CPU.Build.0 = Debug|Any CPU
		{372F8200-118F-402B-88BE-CFF251E3A36D}.Release|Any CPU.ActiveCfg = Release|Any CPU
		{372F8200-118F-402B-88BE-CFF251E3A36D}.Release|Any CPU.Build.0 = Release|Any CPU
	EndGlobalSection
	GlobalSection(SolutionProperties) = preSolution
		HideSolutionNode = FALSE
	EndGlobalSection
	GlobalSection(ExtensibilityGlobals) = postSolution
		SolutionGuid = {82B4C6C8-F86A-44EC-B5C2-A8485CEE434A}
	EndGlobalSection
EndGlobal
